
Microsoft Visual Studio Solution File, Format Version 12.00
# Visual Studio Version 17
VisualStudioVersion = 17.3.32929.385
MinimumVisualStudioVersion = 10.0.40219.1
Project("{8BC9CEB8-8B4A-11D0-8D11-00A0C91BC942}") = "MahiroBox", "MahiroBox\MahiroBox.vcxproj", "{159BAC2A-B255-4E74-89E0-3A4E2E8FF29C}"
EndProject
Global
	GlobalSection(SolutionConfigurationPlatforms) = preSolution
		Debug|x64 = Debug|x64
		Release|x64 = Release|x64
	EndGlobalSection
	GlobalSection(ProjectConfigurationPlatforms) = postSolution
		{159BAC2A-B255-4E74-89E0-3A4E2E8FF29C}.Debug|x64.ActiveCfg = Debug|x64
		{159BAC2A-B255-4E74-89E0-3A4E2E8FF29C}.Debug|x64.Build.0 = Debug|x64
		{159BAC2A-B255-4E74-89E0-3A4E2E8FF29C}.Release|x64.ActiveCfg = Release|x64
		{159BAC2A-B255-4E74-89E0-3A4E2E8FF29C}.Release|x64.Build.0 = Release|x64
	EndGlobalSection
	GlobalSection(SolutionProperties) = preSolution
		HideSolutionNode = FALSE
	EndGlobalSection
	GlobalSection(ExtensibilityGlobals) = postSolution
		SolutionGuid = {F02FA714-7A5D-4E27-8A02-2ED1E2C78DA2}
	EndGlobalSection
EndGlobal
